
Microsoft Visual Studio Solution File, Format Version 12.00
# Visual Studio Version 16
VisualStudioVersion = 16.0.30114.105
MinimumVisualStudioVersion = 10.0.40219.1
Project("{FAE04EC0-301F-11D3-BF4B-00C04F79EFBC}") = "ProEventos.Application", "ProEventos.Application\ProEventos.Application.csproj", "{1595C159-C771-4960-9F09-25835D2E1FE2}"
EndProject
Project("{FAE04EC0-301F-11D3-BF4B-00C04F79EFBC}") = "ProEventos.Persistence", "ProEventos.Persistence\ProEventos.Persistence.csproj", "{1B7BB37A-216A-496E-803C-4A832ADBAA66}"
EndProject
Project("{FAE04EC0-301F-11D3-BF4B-00C04F79EFBC}") = "ProEventos.Domain", "ProEventos.Domain\ProEventos.Domain.csproj", "{D7EFD43F-0771-4FCB-95B0-9CE9C08C9598}"
EndProject
Global
	GlobalSection(SolutionConfigurationPlatforms) = preSolution
		Debug|Any CPU = Debug|Any CPU
		Debug|x64 = Debug|x64
		Debug|x86 = Debug|x86
		Release|Any CPU = Release|Any CPU
		Release|x64 = Release|x64
		Release|x86 = Release|x86
	EndGlobalSection
	GlobalSection(SolutionProperties) = preSolution
		HideSolutionNode = FALSE
	EndGlobalSection
	GlobalSection(ProjectConfigurationPlatforms) = postSolution
		{1595C159-C771-4960-9F09-25835D2E1FE2}.Debug|Any CPU.ActiveCfg = Debug|Any CPU
		{1595C159-C771-4960-9F09-25835D2E1FE2}.Debug|Any CPU.Build.0 = Debug|Any CPU
		{1595C159-C771-4960-9F09-25835D2E1FE2}.Debug|x64.ActiveCfg = Debug|Any CPU
		{1595C159-C771-4960-9F09-25835D2E1FE2}.Debug|x64.Build.0 = Debug|Any CPU
		{1595C159-C771-4960-9F09-25835D2E1FE2}.Debug|x86.ActiveCfg = Debug|Any CPU
		{1595C159-C771-4960-9F09-25835D2E1FE2}.Debug|x86.Build.0 = Debug|Any CPU
		{1595C159-C771-4960-9F09-25835D2E1FE2}.Release|Any CPU.ActiveCfg = Release|Any CPU
		{1595C159-C771-4960-9F09-25835D2E1FE2}.Release|Any CPU.Build.0 = Release|Any CPU
		{1595C159-C771-4960-9F09-25835D2E1FE2}.Release|x64.ActiveCfg = Release|Any CPU
		{1595C159-C771-4960-9F09-25835D2E1FE2}.Release|x64.Build.0 = Release|Any CPU
		{1595C159-C771-4960-9F09-25835D2E1FE2}.Release|x86.ActiveCfg = Release|Any CPU
		{1595C159-C771-4960-9F09-25835D2E1FE2}.Release|x86.Build.0 = Release|Any CPU
		{1B7BB37A-216A-496E-803C-4A832ADBAA66}.Debug|Any CPU.ActiveCfg = Debug|Any CPU
		{1B7BB37A-216A-496E-803C-4A832ADBAA66}.Debug|Any CPU.Build.0 = Debug|Any CPU
		{1B7BB37A-216A-496E-803C-4A832ADBAA66}.Debug|x64.ActiveCfg = Debug|Any CPU
		{1B7BB37A-216A-496E-803C-4A832ADBAA66}.Debug|x64.Build.0 = Debug|Any CPU
		{1B7BB37A-216A-496E-803C-4A832ADBAA66}.Debug|x86.ActiveCfg = Debug|Any CPU
		{1B7BB37A-216A-496E-803C-4A832ADBAA66}.Debug|x86.Build.0 = Debug|Any CPU
		{1B7BB37A-216A-496E-803C-4A832ADBAA66}.Release|Any CPU.ActiveCfg = Release|Any CPU
		{1B7BB37A-216A-496E-803C-4A832ADBAA66}.Release|Any CPU.Build.0 = Release|Any CPU
		{1B7BB37A-216A-496E-803C-4A832ADBAA66}.Release|x64.ActiveCfg = Release|Any CPU
		{1B7BB37A-216A-496E-803C-4A832ADBAA66}.Release|x64.Build.0 = Release|Any CPU
		{1B7BB37A-216A-496E-803C-4A832ADBAA66}.Release|x86.ActiveCfg = Release|Any CPU
		{1B7BB37A-216A-496E-803C-4A832ADBAA66}.Release|x86.Build.0 = Release|Any CPU
		{D7EFD43F-0771-4FCB-95B0-9CE9C08C9598}.Debug|Any CPU.ActiveCfg = Debug|Any CPU
		{D7EFD43F-0771-4FCB-95B0-9CE9C08C9598}.Debug|Any CPU.Build.0 = Debug|Any CPU
		{D7EFD43F-0771-4FCB-95B0-9CE9C08C9598}.Debug|x64.ActiveCfg = Debug|Any CPU
		{D7EFD43F-0771-4FCB-95B0-9CE9C08C9598}.Debug|x64.Build.0 = Debug|Any CPU
		{D7EFD43F-0771-4FCB-95B0-9CE9C08C9598}.Debug|x86.ActiveCfg = Debug|Any CPU
		{D7EFD43F-0771-4FCB-95B0-9CE9C08C9598}.Debug|x86.Build.0 = Debug|Any CPU
		{D7EFD43F-0771-4FCB-95B0-9CE9C08C9598}.Release|Any CPU.ActiveCfg = Release|Any CPU
		{D7EFD43F-0771-4FCB-95B0-9CE9C08C9598}.Release|Any CPU.Build.0 = Release|Any CPU
		{D7EFD43F-0771-4FCB-95B0-9CE9C08C9598}.Release|x64.ActiveCfg = Release|Any CPU
		{D7EFD43F-0771-4FCB-95B0-9CE9C08C9598}.Release|x64.Build.0 = Release|Any CPU
		{D7EFD43F-0771-4FCB-95B0-9CE9C08C9598}.Release|x86.ActiveCfg = Release|Any CPU
		{D7EFD43F-0771-4FCB-95B0-9CE9C08C9598}.Release|x86.Build.0 = Release|Any CPU
	EndGlobalSection
EndGlobal
